
Microsoft Visual Studio Solution File, Format Version 12.00
# Visual Studio 15
VisualStudioVersion = 15.0.28307.572
MinimumVisualStudioVersion = 10.0.40219.1
Project("{00D1A9C2-B5F0-4AF3-8072-F6C62B433612}") = "Administrador_de_proyectos", "Administrador_de_proyectos\Administrador_de_proyectos.sqlproj", "{41855D75-9F3F-4389-A1B0-884489DB0D2D}"
EndProject
Global
	GlobalSection(SolutionConfigurationPlatforms) = preSolution
		Debug|Any CPU = Debug|Any CPU
		Release|Any CPU = Release|Any CPU
	EndGlobalSection
	GlobalSection(ProjectConfigurationPlatforms) = postSolution
		{41855D75-9F3F-4389-A1B0-884489DB0D2D}.Debug|Any CPU.ActiveCfg = Debug|Any CPU
		{41855D75-9F3F-4389-A1B0-884489DB0D2D}.Debug|Any CPU.Build.0 = Debug|Any CPU
		{41855D75-9F3F-4389-A1B0-884489DB0D2D}.Debug|Any CPU.Deploy.0 = Debug|Any CPU
		{41855D75-9F3F-4389-A1B0-884489DB0D2D}.Release|Any CPU.ActiveCfg = Release|Any CPU
		{41855D75-9F3F-4389-A1B0-884489DB0D2D}.Release|Any CPU.Build.0 = Release|Any CPU
		{41855D75-9F3F-4389-A1B0-884489DB0D2D}.Release|Any CPU.Deploy.0 = Release|Any CPU
	EndGlobalSection
	GlobalSection(SolutionProperties) = preSolution
		HideSolutionNode = FALSE
	EndGlobalSection
	GlobalSection(ExtensibilityGlobals) = postSolution
		SolutionGuid = {17AC41D4-24D8-43B8-AD18-6F6430834C32}
	EndGlobalSection
EndGlobal
