
Microsoft Visual Studio Solution File, Format Version 12.00
# Visual Studio Version 16
VisualStudioVersion = 16.0.29215.179
MinimumVisualStudioVersion = 10.0.40219.1
Project("{FAE04EC0-301F-11D3-BF4B-00C04F79EFBC}") = "Proy_Bases_Inge", "Proy_Bases_Inge\Proy_Bases_Inge.csproj", "{A2BF046F-0F66-4053-8BC9-AAF883C66031}"
EndProject
Global
	GlobalSection(SolutionConfigurationPlatforms) = preSolution
		Debug|Any CPU = Debug|Any CPU
		Release|Any CPU = Release|Any CPU
	EndGlobalSection
	GlobalSection(ProjectConfigurationPlatforms) = postSolution
		{A2BF046F-0F66-4053-8BC9-AAF883C66031}.Debug|Any CPU.ActiveCfg = Debug|Any CPU
		{A2BF046F-0F66-4053-8BC9-AAF883C66031}.Debug|Any CPU.Build.0 = Debug|Any CPU
		{A2BF046F-0F66-4053-8BC9-AAF883C66031}.Release|Any CPU.ActiveCfg = Release|Any CPU
		{A2BF046F-0F66-4053-8BC9-AAF883C66031}.Release|Any CPU.Build.0 = Release|Any CPU
	EndGlobalSection
	GlobalSection(SolutionProperties) = preSolution
		HideSolutionNode = FALSE
	EndGlobalSection
	GlobalSection(ExtensibilityGlobals) = postSolution
		SolutionGuid = {4E794FDA-F331-42C4-85CC-D2D45DC81667}
	EndGlobalSection
EndGlobal
